
Microsoft Visual Studio Solution File, Format Version 12.00
# Visual Studio Version 16
VisualStudioVersion = 16.0.31321.278
MinimumVisualStudioVersion = 10.0.40219.1
Project("{FAE04EC0-301F-11D3-BF4B-00C04F79EFBC}") = "MVCKurs", "MVCKurs\MVCKurs.csproj", "{47180B87-49EC-4C76-83B0-473D2D325951}"
EndProject
Global
	GlobalSection(SolutionConfigurationPlatforms) = preSolution
		Debug|Any CPU = Debug|Any CPU
		Release|Any CPU = Release|Any CPU
	EndGlobalSection
	GlobalSection(ProjectConfigurationPlatforms) = postSolution
		{47180B87-49EC-4C76-83B0-473D2D325951}.Debug|Any CPU.ActiveCfg = Debug|Any CPU
		{47180B87-49EC-4C76-83B0-473D2D325951}.Debug|Any CPU.Build.0 = Debug|Any CPU
		{47180B87-49EC-4C76-83B0-473D2D325951}.Release|Any CPU.ActiveCfg = Release|Any CPU
		{47180B87-49EC-4C76-83B0-473D2D325951}.Release|Any CPU.Build.0 = Release|Any CPU
	EndGlobalSection
	GlobalSection(SolutionProperties) = preSolution
		HideSolutionNode = FALSE
	EndGlobalSection
	GlobalSection(ExtensibilityGlobals) = postSolution
		SolutionGuid = {41C5B153-E6A2-4076-90A4-AD1E4FF18611}
	EndGlobalSection
EndGlobal
